Microsoft Visual Studio Solution File, Format Version 12.00
# Visual Studio 15
VisualStudioVersion = 15.0.28010.2003
MinimumVisualStudioVersion = 10.0.40219.1
Project("{8BC9CEB8-8B4A-11D0-8D11-00A0C91BC942}") = "_OposConstants", "OposConstants\OposConstants.vcxproj", "{11CE0C54-2634-472D-868B-85B0BA54B8C5}"
EndProject
Project("{8BC9CEB8-8B4A-11D0-8D11-00A0C91BC942}") = "Belt", "zBelt\Belt.vcxproj", "{FD7A0320-EA00-4142-A3CC-095B1351109C}"
EndProject
Project("{8BC9CEB8-8B4A-11D0-8D11-00A0C91BC942}") = "BillAcceptor", "zBillAcceptor\BillAcceptor.vcxproj", "{FD7A0280-EA00-4142-A3CC-095B1351109C}"
EndProject
Project("{8BC9CEB8-8B4A-11D0-8D11-00A0C91BC942}") = "BillDispenser", "zBillDispenser\BillDispenser.vcxproj", "{FD7A0290-EA00-4142-A3CC-095B1351109C}"
EndProject
Project("{8BC9CEB8-8B4A-11D0-8D11-00A0C91BC942}") = "Biometrics", "zBiometrics\Biometrics.vcxproj", "{FD7A0260-EA00-4142-A3CC-095B1351109C}"
EndProject
Project("{8BC9CEB8-8B4A-11D0-8D11-00A0C91BC942}") = "BumpBar", "zBumpBar\BumpBar.vcxproj", "{FD7A0020-EA00-4142-A3CC-095B1351109C}"
EndProject
Project("{8BC9CEB8-8B4A-11D0-8D11-00A0C91BC942}") = "CashChanger", "zCashChanger\CashChanger.vcxproj", "{FD7A0030-EA00-4142-A3CC-095B1351109C}"
EndProject
Project("{8BC9CEB8-8B4A-11D0-8D11-00A0C91BC942}") = "CashDrawer", "zCashDrawer\CashDrawer.vcxproj", "{FD7A0040-EA00-4142-A3CC-095B1351109C}"
EndProject
Project("{8BC9CEB8-8B4A-11D0-8D11-00A0C91BC942}") = "CAT", "zCAT\CAT.vcxproj", "{FD7A0050-EA00-4142-A3CC-095B1351109C}"
EndProject
Project("{8BC9CEB8-8B4A-11D0-8D11-00A0C91BC942}") = "CheckScanner", "zCheckScanner\CheckScanner.vcxproj", "{FD7A0230-EA00-4142-A3CC-095B1351109C}"
EndProject
Project("{8BC9CEB8-8B4A-11D0-8D11-00A0C91BC942}") = "CoinAcceptor", "zCoinAcceptor\CoinAcceptor.vcxproj", "{FD7A0300-EA00-4142-A3CC-095B1351109C}"
EndProject
Project("{8BC9CEB8-8B4A-11D0-8D11-00A0C91BC942}") = "CoinDispenser", "zCoinDispenser\CoinDispenser.vcxproj", "{FD7A0060-EA00-4142-A3CC-095B1351109C}"
EndProject
Project("{8BC9CEB8-8B4A-11D0-8D11-00A0C91BC942}") = "ElectronicJournal", "zElectronicJournal\ElectronicJournal.vcxproj", "{FD7A0270-EA00-4142-A3CC-095B1351109C}"
EndProject
Project("{8BC9CEB8-8B4A-11D0-8D11-00A0C91BC942}") = "ElectronicValueRW", "zElectronicValueRW\ElectronicValueRW.vcxproj", "{FD7A0330-EA00-4142-A3CC-095B1351109C}"
EndProject
Project("{8BC9CEB8-8B4A-11D0-8D11-00A0C91BC942}") = "FiscalPrinter", "zFiscalPrinter\FiscalPrinter.vcxproj", "{FD7A0070-EA00-4142-A3CC-095B1351109C}"
EndProject
Project("{8BC9CEB8-8B4A-11D0-8D11-00A0C91BC942}") = "Gate", "zGate\Gate.vcxproj", "{FD7A0340-EA00-4142-A3CC-095B1351109C}"
EndProject
Project("{8BC9CEB8-8B4A-11D0-8D11-00A0C91BC942}") = "ImageScanner", "zImageScanner\ImageScanner.vcxproj", "{FD7A0310-EA00-4142-A3CC-095B1351109C}"
EndProject
Project("{8BC9CEB8-8B4A-11D0-8D11-00A0C91BC942}") = "ItemDispenser", "zItemDispenser\ItemDispenser.vcxproj", "{FD7A0350-EA00-4142-A3CC-095B1351109C}"
EndProject
Project("{8BC9CEB8-8B4A-11D0-8D11-00A0C91BC942}") = "Keylock", "zKeylock\Keylock.vcxproj", "{FD7A0090-EA00-4142-A3CC-095B1351109C}"
EndProject
Project("{8BC9CEB8-8B4A-11D0-8D11-00A0C91BC942}") = "Lights", "zLights\Lights.vcxproj", "{FD7A0360-EA00-4142-A3CC-095B1351109C}"
EndProject
Project("{8BC9CEB8-8B4A-11D0-8D11-00A0C91BC942}") = "LineDisplay", "zLineDisplay\LineDisplay.vcxproj", "{FD7A0100-EA00-4142-A3CC-095B1351109C}"
EndProject
Project("{8BC9CEB8-8B4A-11D0-8D11-00A0C91BC942}") = "MICR", "zMICR\MICR.vcxproj", "{FD7A0110-EA00-4142-A3CC-095B1351109C}"
EndProject
Project("{8BC9CEB8-8B4A-11D0-8D11-00A0C91BC942}") = "MotionSensor", "zMotionSensor\MotionSensor.vcxproj", "{FD7A0240-EA00-4142-A3CC-095B1351109C}"
EndProject
Project("{8BC9CEB8-8B4A-11D0-8D11-00A0C91BC942}") = "MSR", "zMSR\MSR.vcxproj", "{FD7A0120-EA00-4142-A3CC-095B1351109C}"
EndProject
Project("{8BC9CEB8-8B4A-11D0-8D11-00A0C91BC942}") = "PINPad", "zPINPad\PINPad.vcxproj", "{FD7A0130-EA00-4142-A3CC-095B1351109C}"
EndProject
Project("{8BC9CEB8-8B4A-11D0-8D11-00A0C91BC942}") = "PointCardRW", "zPointCardRW\PointCardRW.vcxproj", "{FD7A0210-EA00-4142-A3CC-095B1351109C}"
EndProject
Project("{8BC9CEB8-8B4A-11D0-8D11-00A0C91BC942}") = "POSKeyboard", "zPOSKeyboard\POSKeyboard.vcxproj", "{FD7A0140-EA00-4142-A3CC-095B1351109C}"
EndProject
Project("{8BC9CEB8-8B4A-11D0-8D11-00A0C91BC942}") = "POSPower", "zPOSPower\POSPower.vcxproj", "{FD7A0220-EA00-4142-A3CC-095B1351109C}"
EndProject
Project("{8BC9CEB8-8B4A-11D0-8D11-00A0C91BC942}") = "POSPrinter", "zPOSPrinter\POSPrinter.vcxproj", "{FD7A0150-EA00-4142-A3CC-095B1351109C}"
EndProject
Project("{8BC9CEB8-8B4A-11D0-8D11-00A0C91BC942}") = "RemoteOrderDisplay", "zRemoteOrderDisplay\RemoteOrderDisplay.vcxproj", "{FD7A0160-EA00-4142-A3CC-095B1351109C}"
EndProject
Project("{8BC9CEB8-8B4A-11D0-8D11-00A0C91BC942}") = "RFIDScanner", "zRFIDScanner\RFIDScanner.vcxproj", "{FD7A0370-EA00-4142-A3CC-095B1351109C}"
EndProject
Project("{8BC9CEB8-8B4A-11D0-8D11-00A0C91BC942}") = "Scale", "zScale\Scale.vcxproj", "{FD7A0170-EA00-4142-A3CC-095B1351109C}"
EndProject
Project("{8BC9CEB8-8B4A-11D0-8D11-00A0C91BC942}") = "Scanner", "zScanner\Scanner.vcxproj", "{FD7A0180-EA00-4142-A3CC-095B1351109C}"
EndProject
Project("{8BC9CEB8-8B4A-11D0-8D11-00A0C91BC942}") = "SigCap", "zSigCap\SigCap.vcxproj", "{FD7A0190-EA00-4142-A3CC-095B1351109C}"
EndProject
Project("{8BC9CEB8-8B4A-11D0-8D11-00A0C91BC942}") = "SmartCardRW", "zSmartCardRW\SmartCardRW.vcxproj", "{FD7A0250-EA00-4142-A3CC-095B1351109C}"
EndProject
Project("{8BC9CEB8-8B4A-11D0-8D11-00A0C91BC942}") = "ToneIndicator", "zToneIndicator\ToneIndicator.vcxproj", "{FD7A0200-EA00-4142-A3CC-095B1351109C}"
EndProject
Project("{8BC9CEB8-8B4A-11D0-8D11-00A0C91BC942}") = "Totals", "zTotals\Totals.vcxproj", "{FD7A0080-EA00-4142-A3CC-095B1351109C}"
EndProject
Project("{8BC9CEB8-8B4A-11D0-8D11-00A0C91BC942}") = "_OposInternals", "OposInternals\OposInternals.vcxproj", "{C9D7FF94-2A27-472E-9640-51698D3EF26D}"
EndProject
Project("{8BC9CEB8-8B4A-11D0-8D11-00A0C91BC942}") = "_OposInterfaces", "OposInterfaces\OposInterfaces.vcxproj", "{FC21C078-D0FD-4B55-B9CA-BEA3497F1EBA}"
EndProject
Global
	GlobalSection(SolutionConfigurationPlatforms) = preSolution
		Debug|Win32 = Debug|Win32
		Debug|x64 = Debug|x64
		Release|Win32 = Release|Win32
		Release|x64 = Release|x64
	EndGlobalSection
	GlobalSection(ProjectConfigurationPlatforms) = postSolution
		{11CE0C54-2634-472D-868B-85B0BA54B8C5}.Debug|Win32.ActiveCfg = Debug|Win32
		{11CE0C54-2634-472D-868B-85B0BA54B8C5}.Debug|Win32.Build.0 = Debug|Win32
		{11CE0C54-2634-472D-868B-85B0BA54B8C5}.Debug|x64.ActiveCfg = Debug|x64
		{11CE0C54-2634-472D-868B-85B0BA54B8C5}.Debug|x64.Build.0 = Debug|x64
		{11CE0C54-2634-472D-868B-85B0BA54B8C5}.Release|Win32.ActiveCfg = Release|Win32
		{11CE0C54-2634-472D-868B-85B0BA54B8C5}.Release|Win32.Build.0 = Release|Win32
		{11CE0C54-2634-472D-868B-85B0BA54B8C5}.Release|x64.ActiveCfg = Release|x64
		{11CE0C54-2634-472D-868B-85B0BA54B8C5}.Release|x64.Build.0 = Release|x64
		{FD7A0320-EA00-4142-A3CC-095B1351109C}.Debug|Win32.ActiveCfg = Debug|Win32
		{FD7A0320-EA00-4142-A3CC-095B1351109C}.Debug|Win32.Build.0 = Debug|Win32
		{FD7A0320-EA00-4142-A3CC-095B1351109C}.Debug|x64.ActiveCfg = Debug|x64
		{FD7A0320-EA00-4142-A3CC-095B1351109C}.Debug|x64.Build.0 = Debug|x64
		{FD7A0320-EA00-4142-A3CC-095B1351109C}.Release|Win32.ActiveCfg = Release|Win32
		{FD7A0320-EA00-4142-A3CC-095B1351109C}.Release|Win32.Build.0 = Release|Win32
		{FD7A0320-EA00-4142-A3CC-095B1351109C}.Release|x64.ActiveCfg = Release|x64
		{FD7A0320-EA00-4142-A3CC-095B1351109C}.Release|x64.Build.0 = Release|x64
		{FD7A0280-EA00-4142-A3CC-095B1351109C}.Debug|Win32.ActiveCfg = Debug|Win32
		{FD7A0280-EA00-4142-A3CC-095B1351109C}.Debug|Win32.Build.0 = Debug|Win32
		{FD7A0280-EA00-4142-A3CC-095B1351109C}.Debug|x64.ActiveCfg = Debug|x64
		{FD7A0280-EA00-4142-A3CC-095B1351109C}.Debug|x64.Build.0 = Debug|x64
		{FD7A0280-EA00-4142-A3CC-095B1351109C}.Release|Win32.ActiveCfg = Release|Win32
		{FD7A0280-EA00-4142-A3CC-095B1351109C}.Release|Win32.Build.0 = Release|Win32
		{FD7A0280-EA00-4142-A3CC-095B1351109C}.Release|x64.ActiveCfg = Release|x64
		{FD7A0280-EA00-4142-A3CC-095B1351109C}.Release|x64.Build.0 = Release|x64
		{FD7A0290-EA00-4142-A3CC-095B1351109C}.Debug|Win32.ActiveCfg = Debug|Win32
		{FD7A0290-EA00-4142-A3CC-095B1351109C}.Debug|Win32.Build.0 = Debug|Win32
		{FD7A0290-EA00-4142-A3CC-095B1351109C}.Debug|x64.ActiveCfg = Debug|x64
		{FD7A0290-EA00-4142-A3CC-095B1351109C}.Debug|x64.Build.0 = Debug|x64
		{FD7A0290-EA00-4142-A3CC-095B1351109C}.Release|Win32.ActiveCfg = Release|Win32
		{FD7A0290-EA00-4142-A3CC-095B1351109C}.Release|Win32.Build.0 = Release|Win32
		{FD7A0290-EA00-4142-A3CC-095B1351109C}.Release|x64.ActiveCfg = Release|x64
		{FD7A0290-EA00-4142-A3CC-095B1351109C}.Release|x64.Build.0 = Release|x64
		{FD7A0260-EA00-4142-A3CC-095B1351109C}.Debug|Win32.ActiveCfg = Debug|Win32
		{FD7A0260-EA00-4142-A3CC-095B1351109C}.Debug|Win32.Build.0 = Debug|Win32
		{FD7A0260-EA00-4142-A3CC-095B1351109C}.Debug|x64.ActiveCfg = Debug|x64
		{FD7A0260-EA00-4142-A3CC-095B1351109C}.Debug|x64.Build.0 = Debug|x64
		{FD7A0260-EA00-4142-A3CC-095B1351109C}.Release|Win32.ActiveCfg = Release|Win32
		{FD7A0260-EA00-4142-A3CC-095B1351109C}.Release|Win32.Build.0 = Release|Win32
		{FD7A0260-EA00-4142-A3CC-095B1351109C}.Release|x64.ActiveCfg = Release|x64
		{FD7A0260-EA00-4142-A3CC-095B1351109C}.Release|x64.Build.0 = Release|x64
		{FD7A0020-EA00-4142-A3CC-095B1351109C}.Debug|Win32.ActiveCfg = Debug|Win32
		{FD7A0020-EA00-4142-A3CC-095B1351109C}.Debug|Win32.Build.0 = Debug|Win32
		{FD7A0020-EA00-4142-A3CC-095B1351109C}.Debug|x64.ActiveCfg = Debug|x64
		{FD7A0020-EA00-4142-A3CC-095B1351109C}.Debug|x64.Build.0 = Debug|x64
		{FD7A0020-EA00-4142-A3CC-095B1351109C}.Release|Win32.ActiveCfg = Release|Win32
		{FD7A0020-EA00-4142-A3CC-095B1351109C}.Release|Win32.Build.0 = Release|Win32
		{FD7A0020-EA00-4142-A3CC-095B1351109C}.Release|x64.ActiveCfg = Release|x64
		{FD7A0020-EA00-4142-A3CC-095B1351109C}.Release|x64.Build.0 = Release|x64
		{FD7A0030-EA00-4142-A3CC-095B1351109C}.Debug|Win32.ActiveCfg = Debug|Win32
		{FD7A0030-EA00-4142-A3CC-095B1351109C}.Debug|Win32.Build.0 = Debug|Win32
		{FD7A0030-EA00-4142-A3CC-095B1351109C}.Debug|x64.ActiveCfg = Debug|x64
		{FD7A0030-EA00-4142-A3CC-095B1351109C}.Debug|x64.Build.0 = Debug|x64
		{FD7A0030-EA00-4142-A3CC-095B1351109C}.Release|Win32.ActiveCfg = Release|Win32
		{FD7A0030-EA00-4142-A3CC-095B1351109C}.Release|Win32.Build.0 = Release|Win32
		{FD7A0030-EA00-4142-A3CC-095B1351109C}.Release|x64.ActiveCfg = Release|x64
		{FD7A0030-EA00-4142-A3CC-095B1351109C}.Release|x64.Build.0 = Release|x64
		{FD7A0040-EA00-4142-A3CC-095B1351109C}.Debug|Win32.ActiveCfg = Debug|Win32
		{FD7A0040-EA00-4142-A3CC-095B1351109C}.Debug|Win32.Build.0 = Debug|Win32
		{FD7A0040-EA00-4142-A3CC-095B1351109C}.Debug|x64.ActiveCfg = Debug|x64
		{FD7A0040-EA00-4142-A3CC-095B1351109C}.Debug|x64.Build.0 = Debug|x64
		{FD7A0040-EA00-4142-A3CC-095B1351109C}.Release|Win32.ActiveCfg = Release|Win32
		{FD7A0040-EA00-4142-A3CC-095B1351109C}.Release|Win32.Build.0 = Release|Win32
		{FD7A0040-EA00-4142-A3CC-095B1351109C}.Release|x64.ActiveCfg = Release|x64
		{FD7A0040-EA00-4142-A3CC-095B1351109C}.Release|x64.Build.0 = Release|x64
		{FD7A0050-EA00-4142-A3CC-095B1351109C}.Debug|Win32.ActiveCfg = Debug|Win32
		{FD7A0050-EA00-4142-A3CC-095B1351109C}.Debug|Win32.Build.0 = Debug|Win32
		{FD7A0050-EA00-4142-A3CC-095B1351109C}.Debug|x64.ActiveCfg = Debug|x64
		{FD7A0050-EA00-4142-A3CC-095B1351109C}.Debug|x64.Build.0 = Debug|x64
		{FD7A0050-EA00-4142-A3CC-095B1351109C}.Release|Win32.ActiveCfg = Release|Win32
		{FD7A0050-EA00-4142-A3CC-095B1351109C}.Release|Win32.Build.0 = Release|Win32
		{FD7A0050-EA00-4142-A3CC-095B1351109C}.Release|x64.ActiveCfg = Release|x64
		{FD7A0050-EA00-4142-A3CC-095B1351109C}.Release|x64.Build.0 = Release|x64
		{FD7A0230-EA00-4142-A3CC-095B1351109C}.Debug|Win32.ActiveCfg = Debug|Win32
		{FD7A0230-EA00-4142-A3CC-095B1351109C}.Debug|Win32.Build.0 = Debug|Win32
		{FD7A0230-EA00-4142-A3CC-095B1351109C}.Debug|x64.ActiveCfg = Debug|x64
		{FD7A0230-EA00-4142-A3CC-095B1351109C}.Debug|x64.Build.0 = Debug|x64
		{FD7A0230-EA00-4142-A3CC-095B1351109C}.Release|Win32.ActiveCfg = Release|Win32
		{FD7A0230-EA00-4142-A3CC-095B1351109C}.Release|Win32.Build.0 = Release|Win32
		{FD7A0230-EA00-4142-A3CC-095B1351109C}.Release|x64.ActiveCfg = Release|x64
		{FD7A0230-EA00-4142-A3CC-095B1351109C}.Release|x64.Build.0 = Release|x64
		{FD7A0300-EA00-4142-A3CC-095B1351109C}.Debug|Win32.ActiveCfg = Debug|Win32
		{FD7A0300-EA00-4142-A3CC-095B1351109C}.Debug|Win32.Build.0 = Debug|Win32
		{FD7A0300-EA00-4142-A3CC-095B1351109C}.Debug|x64.ActiveCfg = Debug|x64
		{FD7A0300-EA00-4142-A3CC-095B1351109C}.Debug|x64.Build.0 = Debug|x64
		{FD7A0300-EA00-4142-A3CC-095B1351109C}.Release|Win32.ActiveCfg = Release|Win32
		{FD7A0300-EA00-4142-A3CC-095B1351109C}.Release|Win32.Build.0 = Release|Win32
		{FD7A0300-EA00-4142-A3CC-095B1351109C}.Release|x64.ActiveCfg = Release|x64
		{FD7A0300-EA00-4142-A3CC-095B1351109C}.Release|x64.Build.0 = Release|x64
		{FD7A0060-EA00-4142-A3CC-095B1351109C}.Debug|Win32.ActiveCfg = Debug|Win32
		{FD7A0060-EA00-4142-A3CC-095B1351109C}.Debug|Win32.Build.0 = Debug|Win32
		{FD7A0060-EA00-4142-A3CC-095B1351109C}.Debug|x64.ActiveCfg = Debug|x64
		{FD7A0060-EA00-4142-A3CC-095B1351109C}.Debug|x64.Build.0 = Debug|x64
		{FD7A0060-EA00-4142-A3CC-095B1351109C}.Release|Win32.ActiveCfg = Release|Win32
		{FD7A0060-EA00-4142-A3CC-095B1351109C}.Release|Win32.Build.0 = Release|Win32
		{FD7A0060-EA00-4142-A3CC-095B1351109C}.Release|x64.ActiveCfg = Release|x64
		{FD7A0060-EA00-4142-A3CC-095B1351109C}.Release|x64.Build.0 = Release|x64
		{FD7A0270-EA00-4142-A3CC-095B1351109C}.Debug|Win32.ActiveCfg = Debug|Win32
		{FD7A0270-EA00-4142-A3CC-095B1351109C}.Debug|Win32.Build.0 = Debug|Win32
		{FD7A0270-EA00-4142-A3CC-095B1351109C}.Debug|x64.ActiveCfg = Debug|x64
		{FD7A0270-EA00-4142-A3CC-095B1351109C}.Debug|x64.Build.0 = Debug|x64
		{FD7A0270-EA00-4142-A3CC-095B1351109C}.Release|Win32.ActiveCfg = Release|Win32
		{FD7A0270-EA00-4142-A3CC-095B1351109C}.Release|Win32.Build.0 = Release|Win32
		{FD7A0270-EA00-4142-A3CC-095B1351109C}.Release|x64.ActiveCfg = Release|x64
		{FD7A0270-EA00-4142-A3CC-095B1351109C}.Release|x64.Build.0 = Release|x64
		{FD7A0330-EA00-4142-A3CC-095B1351109C}.Debug|Win32.ActiveCfg = Debug|Win32
		{FD7A0330-EA00-4142-A3CC-095B1351109C}.Debug|Win32.Build.0 = Debug|Win32
		{FD7A0330-EA00-4142-A3CC-095B1351109C}.Debug|x64.ActiveCfg = Debug|x64
		{FD7A0330-EA00-4142-A3CC-095B1351109C}.Debug|x64.Build.0 = Debug|x64
		{FD7A0330-EA00-4142-A3CC-095B1351109C}.Release|Win32.ActiveCfg = Release|Win32
		{FD7A0330-EA00-4142-A3CC-095B1351109C}.Release|Win32.Build.0 = Release|Win32
		{FD7A0330-EA00-4142-A3CC-095B1351109C}.Release|x64.ActiveCfg = Release|x64
		{FD7A0330-EA00-4142-A3CC-095B1351109C}.Release|x64.Build.0 = Release|x64
		{FD7A0070-EA00-4142-A3CC-095B1351109C}.Debug|Win32.ActiveCfg = Debug|Win32
		{FD7A0070-EA00-4142-A3CC-095B1351109C}.Debug|Win32.Build.0 = Debug|Win32
		{FD7A0070-EA00-4142-A3CC-095B1351109C}.Debug|x64.ActiveCfg = Debug|x64
		{FD7A0070-EA00-4142-A3CC-095B1351109C}.Debug|x64.Build.0 = Debug|x64
		{FD7A0070-EA00-4142-A3CC-095B1351109C}.Release|Win32.ActiveCfg = Release|Win32
		{FD7A0070-EA00-4142-A3CC-095B1351109C}.Release|Win32.Build.0 = Release|Win32
		{FD7A0070-EA00-4142-A3CC-095B1351109C}.Release|x64.ActiveCfg = Release|x64
		{FD7A0070-EA00-4142-A3CC-095B1351109C}.Release|x64.Build.0 = Release|x64
		{FD7A0340-EA00-4142-A3CC-095B1351109C}.Debug|Win32.ActiveCfg = Debug|Win32
		{FD7A0340-EA00-4142-A3CC-095B1351109C}.Debug|Win32.Build.0 = Debug|Win32
		{FD7A0340-EA00-4142-A3CC-095B1351109C}.Debug|x64.ActiveCfg = Debug|x64
		{FD7A0340-EA00-4142-A3CC-095B1351109C}.Debug|x64.Build.0 = Debug|x64
		{FD7A0340-EA00-4142-A3CC-095B1351109C}.Release|Win32.ActiveCfg = Release|Win32
		{FD7A0340-EA00-4142-A3CC-095B1351109C}.Release|Win32.Build.0 = Release|Win32
		{FD7A0340-EA00-4142-A3CC-095B1351109C}.Release|x64.ActiveCfg = Release|x64
		{FD7A0340-EA00-4142-A3CC-095B1351109C}.Release|x64.Build.0 = Release|x64
		{FD7A0310-EA00-4142-A3CC-095B1351109C}.Debug|Win32.ActiveCfg = Debug|Win32
		{FD7A0310-EA00-4142-A3CC-095B1351109C}.Debug|Win32.Build.0 = Debug|Win32
		{FD7A0310-EA00-4142-A3CC-095B1351109C}.Debug|x64.ActiveCfg = Debug|x64
		{FD7A0310-EA00-4142-A3CC-095B1351109C}.Debug|x64.Build.0 = Debug|x64
		{FD7A0310-EA00-4142-A3CC-095B1351109C}.Release|Win32.ActiveCfg = Release|Win32
		{FD7A0310-EA00-4142-A3CC-095B1351109C}.Release|Win32.Build.0 = Release|Win32
		{FD7A0310-EA00-4142-A3CC-095B1351109C}.Release|x64.ActiveCfg = Release|x64
		{FD7A0310-EA00-4142-A3CC-095B1351109C}.Release|x64.Build.0 = Release|x64
		{FD7A0350-EA00-4142-A3CC-095B1351109C}.Debug|Win32.ActiveCfg = Debug|Win32
		{FD7A0350-EA00-4142-A3CC-095B1351109C}.Debug|Win32.Build.0 = Debug|Win32
		{FD7A0350-EA00-4142-A3CC-095B1351109C}.Debug|x64.ActiveCfg = Debug|x64
		{FD7A0350-EA00-4142-A3CC-095B1351109C}.Debug|x64.Build.0 = Debug|x64
		{FD7A0350-EA00-4142-A3CC-095B1351109C}.Release|Win32.ActiveCfg = Release|Win32
		{FD7A0350-EA00-4142-A3CC-095B1351109C}.Release|Win32.Build.0 = Release|Win32
		{FD7A0350-EA00-4142-A3CC-095B1351109C}.Release|x64.ActiveCfg = Release|x64
		{FD7A0350-EA00-4142-A3CC-095B1351109C}.Release|x64.Build.0 = Release|x64
		{FD7A0090-EA00-4142-A3CC-095B1351109C}.Debug|Win32.ActiveCfg = Debug|Win32
		{FD7A0090-EA00-4142-A3CC-095B1351109C}.Debug|Win32.Build.0 = Debug|Win32
		{FD7A0090-EA00-4142-A3CC-095B1351109C}.Debug|x64.ActiveCfg = Debug|x64
		{FD7A0090-EA00-4142-A3CC-095B1351109C}.Debug|x64.Build.0 = Debug|x64
		{FD7A0090-EA00-4142-A3CC-095B1351109C}.Release|Win32.ActiveCfg = Release|Win32
		{FD7A0090-EA00-4142-A3CC-095B1351109C}.Release|Win32.Build.0 = Release|Win32
		{FD7A0090-EA00-4142-A3CC-095B1351109C}.Release|x64.ActiveCfg = Release|x64
		{FD7A0090-EA00-4142-A3CC-095B1351109C}.Release|x64.Build.0 = Release|x64
		{FD7A0360-EA00-4142-A3CC-095B1351109C}.Debug|Win32.ActiveCfg = Debug|Win32
		{FD7A0360-EA00-4142-A3CC-095B1351109C}.Debug|Win32.Build.0 = Debug|Win32
		{FD7A0360-EA00-4142-A3CC-095B1351109C}.Debug|x64.ActiveCfg = Debug|x64
		{FD7A0360-EA00-4142-A3CC-095B1351109C}.Debug|x64.Build.0 = Debug|x64
		{FD7A0360-EA00-4142-A3CC-095B1351109C}.Release|Win32.ActiveCfg = Release|Win32
		{FD7A0360-EA00-4142-A3CC-095B1351109C}.Release|Win32.Build.0 = Release|Win32
		{FD7A0360-EA00-4142-A3CC-095B1351109C}.Release|x64.ActiveCfg = Release|x64
		{FD7A0360-EA00-4142-A3CC-095B1351109C}.Release|x64.Build.0 = Release|x64
		{FD7A0100-EA00-4142-A3CC-095B1351109C}.Debug|Win32.ActiveCfg = Debug|Win32
		{FD7A0100-EA00-4142-A3CC-095B1351109C}.Debug|Win32.Build.0 = Debug|Win32
		{FD7A0100-EA00-4142-A3CC-095B1351109C}.Debug|x64.ActiveCfg = Debug|x64
		{FD7A0100-EA00-4142-A3CC-095B1351109C}.Debug|x64.Build.0 = Debug|x64
		{FD7A0100-EA00-4142-A3CC-095B1351109C}.Release|Win32.ActiveCfg = Release|Win32
		{FD7A0100-EA00-4142-A3CC-095B1351109C}.Release|Win32.Build.0 = Release|Win32
		{FD7A0100-EA00-4142-A3CC-095B1351109C}.Release|x64.ActiveCfg = Release|x64
		{FD7A0100-EA00-4142-A3CC-095B1351109C}.Release|x64.Build.0 = Release|x64
		{FD7A0110-EA00-4142-A3CC-095B1351109C}.Debug|Win32.ActiveCfg = Debug|Win32
		{FD7A0110-EA00-4142-A3CC-095B1351109C}.Debug|Win32.Build.0 = Debug|Win32
		{FD7A0110-EA00-4142-A3CC-095B1351109C}.Debug|x64.ActiveCfg = Debug|x64
		{FD7A0110-EA00-4142-A3CC-095B1351109C}.Debug|x64.Build.0 = Debug|x64
		{FD7A0110-EA00-4142-A3CC-095B1351109C}.Release|Win32.ActiveCfg = Release|Win32
		{FD7A0110-EA00-4142-A3CC-095B1351109C}.Release|Win32.Build.0 = Release|Win32
		{FD7A0110-EA00-4142-A3CC-095B1351109C}.Release|x64.ActiveCfg = Release|x64
		{FD7A0110-EA00-4142-A3CC-095B1351109C}.Release|x64.Build.0 = Release|x64
		{FD7A0240-EA00-4142-A3CC-095B1351109C}.Debug|Win32.ActiveCfg = Debug|Win32
		{FD7A0240-EA00-4142-A3CC-095B1351109C}.Debug|Win32.Build.0 = Debug|Win32
		{FD7A0240-EA00-4142-A3CC-095B1351109C}.Debug|x64.ActiveCfg = Debug|x64
		{FD7A0240-EA00-4142-A3CC-095B1351109C}.Debug|x64.Build.0 = Debug|x64
		{FD7A0240-EA00-4142-A3CC-095B1351109C}.Release|Win32.ActiveCfg = Release|Win32
		{FD7A0240-EA00-4142-A3CC-095B1351109C}.Release|Win32.Build.0 = Release|Win32
		{FD7A0240-EA00-4142-A3CC-095B1351109C}.Release|x64.ActiveCfg = Release|x64
		{FD7A0240-EA00-4142-A3CC-095B1351109C}.Release|x64.Build.0 = Release|x64
		{FD7A0120-EA00-4142-A3CC-095B1351109C}.Debug|Win32.ActiveCfg = Debug|Win32
		{FD7A0120-EA00-4142-A3CC-095B1351109C}.Debug|Win32.Build.0 = Debug|Win32
		{FD7A0120-EA00-4142-A3CC-095B1351109C}.Debug|x64.ActiveCfg = Debug|x64
		{FD7A0120-EA00-4142-A3CC-095B1351109C}.Debug|x64.Build.0 = Debug|x64
		{FD7A0120-EA00-4142-A3CC-095B1351109C}.Release|Win32.ActiveCfg = Release|Win32
		{FD7A0120-EA00-4142-A3CC-095B1351109C}.Release|Win32.Build.0 = Release|Win32
		{FD7A0120-EA00-4142-A3CC-095B1351109C}.Release|x64.ActiveCfg = Release|x64
		{FD7A0120-EA00-4142-A3CC-095B1351109C}.Release|x64.Build.0 = Release|x64
		{FD7A0130-EA00-4142-A3CC-095B1351109C}.Debug|Win32.ActiveCfg = Debug|Win32
		{FD7A0130-EA00-4142-A3CC-095B1351109C}.Debug|Win32.Build.0 = Debug|Win32
		{FD7A0130-EA00-4142-A3CC-095B1351109C}.Debug|x64.ActiveCfg = Debug|x64
		{FD7A0130-EA00-4142-A3CC-095B1351109C}.Debug|x64.Build.0 = Debug|x64
		{FD7A0130-EA00-4142-A3CC-095B1351109C}.Release|Win32.ActiveCfg = Release|Win32
		{FD7A0130-EA00-4142-A3CC-095B1351109C}.Release|Win32.Build.0 = Release|Win32
		{FD7A0130-EA00-4142-A3CC-095B1351109C}.Release|x64.ActiveCfg = Release|x64
		{FD7A0130-EA00-4142-A3CC-095B1351109C}.Release|x64.Build.0 = Release|x64
		{FD7A0210-EA00-4142-A3CC-095B1351109C}.Debug|Win32.ActiveCfg = Debug|Win32
		{FD7A0210-EA00-4142-A3CC-095B1351109C}.Debug|Win32.Build.0 = Debug|Win32
		{FD7A0210-EA00-4142-A3CC-095B1351109C}.Debug|x64.ActiveCfg = Debug|x64
		{FD7A0210-EA00-4142-A3CC-095B1351109C}.Debug|x64.Build.0 = Debug|x64
		{FD7A0210-EA00-4142-A3CC-095B1351109C}.Release|Win32.ActiveCfg = Release|Win32
		{FD7A0210-EA00-4142-A3CC-095B1351109C}.Release|Win32.Build.0 = Release|Win32
		{FD7A0210-EA00-4142-A3CC-095B1351109C}.Release|x64.ActiveCfg = Release|x64
		{FD7A0210-EA00-4142-A3CC-095B1351109C}.Release|x64.Build.0 = Release|x64
		{FD7A0140-EA00-4142-A3CC-095B1351109C}.Debug|Win32.ActiveCfg = Debug|Win32
		{FD7A0140-EA00-4142-A3CC-095B1351109C}.Debug|Win32.Build.0 = Debug|Win32
		{FD7A0140-EA00-4142-A3CC-095B1351109C}.Debug|x64.ActiveCfg = Debug|x64
		{FD7A0140-EA00-4142-A3CC-095B1351109C}.Debug|x64.Build.0 = Debug|x64
		{FD7A0140-EA00-4142-A3CC-095B1351109C}.Release|Win32.ActiveCfg = Release|Win32
		{FD7A0140-EA00-4142-A3CC-095B1351109C}.Release|Win32.Build.0 = Release|Win32
		{FD7A0140-EA00-4142-A3CC-095B1351109C}.Release|x64.ActiveCfg = Release|x64
		{FD7A0140-EA00-4142-A3CC-095B1351109C}.Release|x64.Build.0 = Release|x64
		{FD7A0220-EA00-4142-A3CC-095B1351109C}.Debug|Win32.ActiveCfg = Debug|Win32
		{FD7A0220-EA00-4142-A3CC-095B1351109C}.Debug|Win32.Build.0 = Debug|Win32
		{FD7A0220-EA00-4142-A3CC-095B1351109C}.Debug|x64.ActiveCfg = Debug|x64
		{FD7A0220-EA00-4142-A3CC-095B1351109C}.Debug|x64.Build.0 = Debug|x64
		{FD7A0220-EA00-4142-A3CC-095B1351109C}.Release|Win32.ActiveCfg = Release|Win32
		{FD7A0220-EA00-4142-A3CC-095B1351109C}.Release|Win32.Build.0 = Release|Win32
		{FD7A0220-EA00-4142-A3CC-095B1351109C}.Release|x64.ActiveCfg = Release|x64
		{FD7A0220-EA00-4142-A3CC-095B1351109C}.Release|x64.Build.0 = Release|x64
		{FD7A0150-EA00-4142-A3CC-095B1351109C}.Debug|Win32.ActiveCfg = Debug|Win32
		{FD7A0150-EA00-4142-A3CC-095B1351109C}.Debug|Win32.Build.0 = Debug|Win32
		{FD7A0150-EA00-4142-A3CC-095B1351109C}.Debug|x64.ActiveCfg = Debug|x64
		{FD7A0150-EA00-4142-A3CC-095B1351109C}.Debug|x64.Build.0 = Debug|x64
		{FD7A0150-EA00-4142-A3CC-095B1351109C}.Release|Win32.ActiveCfg = Release|Win32
		{FD7A0150-EA00-4142-A3CC-095B1351109C}.Release|Win32.Build.0 = Release|Win32
		{FD7A0150-EA00-4142-A3CC-095B1351109C}.Release|x64.ActiveCfg = Release|x64
		{FD7A0150-EA00-4142-A3CC-095B1351109C}.Release|x64.Build.0 = Release|x64
		{FD7A0160-EA00-4142-A3CC-095B1351109C}.Debug|Win32.ActiveCfg = Debug|Win32
		{FD7A0160-EA00-4142-A3CC-095B1351109C}.Debug|Win32.Build.0 = Debug|Win32
		{FD7A0160-EA00-4142-A3CC-095B1351109C}.Debug|x64.ActiveCfg = Debug|x64
		{FD7A0160-EA00-4142-A3CC-095B1351109C}.Debug|x64.Build.0 = Debug|x64
		{FD7A0160-EA00-4142-A3CC-095B1351109C}.Release|Win32.ActiveCfg = Release|Win32
		{FD7A0160-EA00-4142-A3CC-095B1351109C}.Release|Win32.Build.0 = Release|Win32
		{FD7A0160-EA00-4142-A3CC-095B1351109C}.Release|x64.ActiveCfg = Release|x64
		{FD7A0160-EA00-4142-A3CC-095B1351109C}.Release|x64.Build.0 = Release|x64
		{FD7A0370-EA00-4142-A3CC-095B1351109C}.Debug|Win32.ActiveCfg = Debug|Win32
		{FD7A0370-EA00-4142-A3CC-095B1351109C}.Debug|Win32.Build.0 = Debug|Win32
		{FD7A0370-EA00-4142-A3CC-095B1351109C}.Debug|x64.ActiveCfg = Debug|x64
		{FD7A0370-EA00-4142-A3CC-095B1351109C}.Debug|x64.Build.0 = Debug|x64
		{FD7A0370-EA00-4142-A3CC-095B1351109C}.Release|Win32.ActiveCfg = Release|Win32
		{FD7A0370-EA00-4142-A3CC-095B1351109C}.Release|Win32.Build.0 = Release|Win32
		{FD7A0370-EA00-4142-A3CC-095B1351109C}.Release|x64.ActiveCfg = Release|x64
		{FD7A0370-EA00-4142-A3CC-095B1351109C}.Release|x64.Build.0 = Release|x64
		{FD7A0170-EA00-4142-A3CC-095B1351109C}.Debug|Win32.ActiveCfg = Debug|Win32
		{FD7A0170-EA00-4142-A3CC-095B1351109C}.Debug|Win32.Build.0 = Debug|Win32
		{FD7A0170-EA00-4142-A3CC-095B1351109C}.Debug|x64.ActiveCfg = Debug|x64
		{FD7A0170-EA00-4142-A3CC-095B1351109C}.Debug|x64.Build.0 = Debug|x64
		{FD7A0170-EA00-4142-A3CC-095B1351109C}.Release|Win32.ActiveCfg = Release|Win32
		{FD7A0170-EA00-4142-A3CC-095B1351109C}.Release|Win32.Build.0 = Release|Win32
		{FD7A0170-EA00-4142-A3CC-095B1351109C}.Release|x64.ActiveCfg = Release|x64
		{FD7A0170-EA00-4142-A3CC-095B1351109C}.Release|x64.Build.0 = Release|x64
		{FD7A0180-EA00-4142-A3CC-095B1351109C}.Debug|Win32.ActiveCfg = Debug|Win32
		{FD7A0180-EA00-4142-A3CC-095B1351109C}.Debug|Win32.Build.0 = Debug|Win32
		{FD7A0180-EA00-4142-A3CC-095B1351109C}.Debug|x64.ActiveCfg = Debug|x64
		{FD7A0180-EA00-4142-A3CC-095B1351109C}.Debug|x64.Build.0 = Debug|x64
		{FD7A0180-EA00-4142-A3CC-095B1351109C}.Release|Win32.ActiveCfg = Release|Win32
		{FD7A0180-EA00-4142-A3CC-095B1351109C}.Release|Win32.Build.0 = Release|Win32
		{FD7A0180-EA00-4142-A3CC-095B1351109C}.Release|x64.ActiveCfg = Release|x64
		{FD7A0180-EA00-4142-A3CC-095B1351109C}.Release|x64.Build.0 = Release|x64
		{FD7A0190-EA00-4142-A3CC-095B1351109C}.Debug|Win32.ActiveCfg = Debug|Win32
		{FD7A0190-EA00-4142-A3CC-095B1351109C}.Debug|Win32.Build.0 = Debug|Win32
		{FD7A0190-EA00-4142-A3CC-095B1351109C}.Debug|x64.ActiveCfg = Debug|x64
		{FD7A0190-EA00-4142-A3CC-095B1351109C}.Debug|x64.Build.0 = Debug|x64
		{FD7A0190-EA00-4142-A3CC-095B1351109C}.Release|Win32.ActiveCfg = Release|Win32
		{FD7A0190-EA00-4142-A3CC-095B1351109C}.Release|Win32.Build.0 = Release|Win32
		{FD7A0190-EA00-4142-A3CC-095B1351109C}.Release|x64.ActiveCfg = Release|x64
		{FD7A0190-EA00-4142-A3CC-095B1351109C}.Release|x64.Build.0 = Release|x64
		{FD7A0250-EA00-4142-A3CC-095B1351109C}.Debug|Win32.ActiveCfg = Debug|Win32
		{FD7A0250-EA00-4142-A3CC-095B1351109C}.Debug|Win32.Build.0 = Debug|Win32
		{FD7A0250-EA00-4142-A3CC-095B1351109C}.Debug|x64.ActiveCfg = Debug|x64
		{FD7A0250-EA00-4142-A3CC-095B1351109C}.Debug|x64.Build.0 = Debug|x64
		{FD7A0250-EA00-4142-A3CC-095B1351109C}.Release|Win32.ActiveCfg = Release|Win32
		{FD7A0250-EA00-4142-A3CC-095B1351109C}.Release|Win32.Build.0 = Release|Win32
		{FD7A0250-EA00-4142-A3CC-095B1351109C}.Release|x64.ActiveCfg = Release|x64
		{FD7A0250-EA00-4142-A3CC-095B1351109C}.Release|x64.Build.0 = Release|x64
		{FD7A0200-EA00-4142-A3CC-095B1351109C}.Debug|Win32.ActiveCfg = Debug|Win32
		{FD7A0200-EA00-4142-A3CC-095B1351109C}.Debug|Win32.Build.0 = Debug|Win32
		{FD7A0200-EA00-4142-A3CC-095B1351109C}.Debug|x64.ActiveCfg = Debug|x64
		{FD7A0200-EA00-4142-A3CC-095B1351109C}.Debug|x64.Build.0 = Debug|x64
		{FD7A0200-EA00-4142-A3CC-095B1351109C}.Release|Win32.ActiveCfg = Release|Win32
		{FD7A0200-EA00-4142-A3CC-095B1351109C}.Release|Win32.Build.0 = Release|Win32
		{FD7A0200-EA00-4142-A3CC-095B1351109C}.Release|x64.ActiveCfg = Release|x64
		{FD7A0200-EA00-4142-A3CC-095B1351109C}.Release|x64.Build.0 = Release|x64
		{FD7A0080-EA00-4142-A3CC-095B1351109C}.Debug|Win32.ActiveCfg = Debug|Win32
		{FD7A0080-EA00-4142-A3CC-095B1351109C}.Debug|Win32.Build.0 = Debug|Win32
		{FD7A0080-EA00-4142-A3CC-095B1351109C}.Debug|x64.ActiveCfg = Debug|x64
		{FD7A0080-EA00-4142-A3CC-095B1351109C}.Debug|x64.Build.0 = Debug|x64
		{FD7A0080-EA00-4142-A3CC-095B1351109C}.Release|Win32.ActiveCfg = Release|Win32
		{FD7A0080-EA00-4142-A3CC-095B1351109C}.Release|Win32.Build.0 = Release|Win32
		{FD7A0080-EA00-4142-A3CC-095B1351109C}.Release|x64.ActiveCfg = Release|x64
		{FD7A0080-EA00-4142-A3CC-095B1351109C}.Release|x64.Build.0 = Release|x64
		{C9D7FF94-2A27-472E-9640-51698D3EF26D}.Debug|Win32.ActiveCfg = Debug|Win32
		{C9D7FF94-2A27-472E-9640-51698D3EF26D}.Debug|Win32.Build.0 = Debug|Win32
		{C9D7FF94-2A27-472E-9640-51698D3EF26D}.Debug|x64.ActiveCfg = Debug|x64
		{C9D7FF94-2A27-472E-9640-51698D3EF26D}.Debug|x64.Build.0 = Debug|x64
		{C9D7FF94-2A27-472E-9640-51698D3EF26D}.Release|Win32.ActiveCfg = Release|Win32
		{C9D7FF94-2A27-472E-9640-51698D3EF26D}.Release|Win32.Build.0 = Release|Win32
		{C9D7FF94-2A27-472E-9640-51698D3EF26D}.Release|x64.ActiveCfg = Release|x64
		{C9D7FF94-2A27-472E-9640-51698D3EF26D}.Release|x64.Build.0 = Release|x64
		{FC21C078-D0FD-4B55-B9CA-BEA3497F1EBA}.Debug|Win32.ActiveCfg = Debug|Win32
		{FC21C078-D0FD-4B55-B9CA-BEA3497F1EBA}.Debug|Win32.Build.0 = Debug|Win32
		{FC21C078-D0FD-4B55-B9CA-BEA3497F1EBA}.Debug|x64.ActiveCfg = Debug|x64
		{FC21C078-D0FD-4B55-B9CA-BEA3497F1EBA}.Debug|x64.Build.0 = Debug|x64
		{FC21C078-D0FD-4B55-B9CA-BEA3497F1EBA}.Release|Win32.ActiveCfg = Release|Win32
		{FC21C078-D0FD-4B55-B9CA-BEA3497F1EBA}.Release|Win32.Build.0 = Release|Win32
		{FC21C078-D0FD-4B55-B9CA-BEA3497F1EBA}.Release|x64.ActiveCfg = Release|x64
		{FC21C078-D0FD-4B55-B9CA-BEA3497F1EBA}.Release|x64.Build.0 = Release|x64
	EndGlobalSection
	GlobalSection(SolutionProperties) = preSolution
		HideSolutionNode = FALSE
	EndGlobalSection
	GlobalSection(ExtensibilityGlobals) = postSolution
		SolutionGuid = {22335601-4C62-4AD9-99BD-B11D4AAE988A}
	EndGlobalSection
EndGlobal
