Microsoft Visual Studio Solution File, Format Version 10.00
# Visual Studio 2008
Project("{8BC9CEB8-8B4A-11D0-8D11-00A0C91BC942}") = "_OposConstants", "OposConstants\OposConstants.vcproj", "{11CE0C54-2634-472D-868B-85B0BA54B8C5}"
EndProject
Project("{8BC9CEB8-8B4A-11D0-8D11-00A0C91BC942}") = "Belt", "zBelt\Belt.vcproj", "{FD7A0320-EA00-4142-A3CC-095B1351109C}"
EndProject
Project("{8BC9CEB8-8B4A-11D0-8D11-00A0C91BC942}") = "BillAcceptor", "zBillAcceptor\BillAcceptor.vcproj", "{FD7A0280-EA00-4142-A3CC-095B1351109C}"
EndProject
Project("{8BC9CEB8-8B4A-11D0-8D11-00A0C91BC942}") = "BillDispenser", "zBillDispenser\BillDispenser.vcproj", "{FD7A0290-EA00-4142-A3CC-095B1351109C}"
EndProject
Project("{8BC9CEB8-8B4A-11D0-8D11-00A0C91BC942}") = "Biometrics", "zBiometrics\Biometrics.vcproj", "{FD7A0260-EA00-4142-A3CC-095B1351109C}"
EndProject
Project("{8BC9CEB8-8B4A-11D0-8D11-00A0C91BC942}") = "BumpBar", "zBumpBar\BumpBar.vcproj", "{FD7A0020-EA00-4142-A3CC-095B1351109C}"
EndProject
Project("{8BC9CEB8-8B4A-11D0-8D11-00A0C91BC942}") = "CashChanger", "zCashChanger\CashChanger.vcproj", "{FD7A0030-EA00-4142-A3CC-095B1351109C}"
EndProject
Project("{8BC9CEB8-8B4A-11D0-8D11-00A0C91BC942}") = "CashDrawer", "zCashDrawer\CashDrawer.vcproj", "{FD7A0040-EA00-4142-A3CC-095B1351109C}"
EndProject
Project("{8BC9CEB8-8B4A-11D0-8D11-00A0C91BC942}") = "CAT", "zCAT\CAT.vcproj", "{FD7A0050-EA00-4142-A3CC-095B1351109C}"
EndProject
Project("{8BC9CEB8-8B4A-11D0-8D11-00A0C91BC942}") = "CheckScanner", "zCheckScanner\CheckScanner.vcproj", "{FD7A0230-EA00-4142-A3CC-095B1351109C}"
EndProject
Project("{8BC9CEB8-8B4A-11D0-8D11-00A0C91BC942}") = "CoinAcceptor", "zCoinAcceptor\CoinAcceptor.vcproj", "{FD7A0300-EA00-4142-A3CC-095B1351109C}"
EndProject
Project("{8BC9CEB8-8B4A-11D0-8D11-00A0C91BC942}") = "CoinDispenser", "zCoinDispenser\CoinDispenser.vcproj", "{FD7A0060-EA00-4142-A3CC-095B1351109C}"
EndProject
Project("{8BC9CEB8-8B4A-11D0-8D11-00A0C91BC942}") = "ElectronicJournal", "zElectronicJournal\ElectronicJournal.vcproj", "{FD7A0270-EA00-4142-A3CC-095B1351109C}"
EndProject
Project("{8BC9CEB8-8B4A-11D0-8D11-00A0C91BC942}") = "ElectronicValueRW", "zElectronicValueRW\ElectronicValueRW.vcproj", "{FD7A0330-EA00-4142-A3CC-095B1351109C}"
EndProject
Project("{8BC9CEB8-8B4A-11D0-8D11-00A0C91BC942}") = "FiscalPrinter", "zFiscalPrinter\FiscalPrinter.vcproj", "{FD7A0070-EA00-4142-A3CC-095B1351109C}"
EndProject
Project("{8BC9CEB8-8B4A-11D0-8D11-00A0C91BC942}") = "Gate", "zGate\Gate.vcproj", "{FD7A0340-EA00-4142-A3CC-095B1351109C}"
EndProject
Project("{8BC9CEB8-8B4A-11D0-8D11-00A0C91BC942}") = "ImageScanner", "zImageScanner\ImageScanner.vcproj", "{FD7A0310-EA00-4142-A3CC-095B1351109C}"
EndProject
Project("{8BC9CEB8-8B4A-11D0-8D11-00A0C91BC942}") = "ItemDispenser", "zItemDispenser\ItemDispenser.vcproj", "{FD7A0350-EA00-4142-A3CC-095B1351109C}"
EndProject
Project("{8BC9CEB8-8B4A-11D0-8D11-00A0C91BC942}") = "Keylock", "zKeylock\Keylock.vcproj", "{FD7A0090-EA00-4142-A3CC-095B1351109C}"
EndProject
Project("{8BC9CEB8-8B4A-11D0-8D11-00A0C91BC942}") = "Lights", "zLights\Lights.vcproj", "{FD7A0360-EA00-4142-A3CC-095B1351109C}"
EndProject
Project("{8BC9CEB8-8B4A-11D0-8D11-00A0C91BC942}") = "LineDisplay", "zLineDisplay\LineDisplay.vcproj", "{FD7A0100-EA00-4142-A3CC-095B1351109C}"
EndProject
Project("{8BC9CEB8-8B4A-11D0-8D11-00A0C91BC942}") = "MICR", "zMICR\MICR.vcproj", "{FD7A0110-EA00-4142-A3CC-095B1351109C}"
EndProject
Project("{8BC9CEB8-8B4A-11D0-8D11-00A0C91BC942}") = "MotionSensor", "zMotionSensor\MotionSensor.vcproj", "{FD7A0240-EA00-4142-A3CC-095B1351109C}"
EndProject
Project("{8BC9CEB8-8B4A-11D0-8D11-00A0C91BC942}") = "MSR", "zMSR\MSR.vcproj", "{FD7A0120-EA00-4142-A3CC-095B1351109C}"
EndProject
Project("{8BC9CEB8-8B4A-11D0-8D11-00A0C91BC942}") = "PINPad", "zPINPad\PINPad.vcproj", "{FD7A0130-EA00-4142-A3CC-095B1351109C}"
EndProject
Project("{8BC9CEB8-8B4A-11D0-8D11-00A0C91BC942}") = "PointCardRW", "zPointCardRW\PointCardRW.vcproj", "{FD7A0210-EA00-4142-A3CC-095B1351109C}"
EndProject
Project("{8BC9CEB8-8B4A-11D0-8D11-00A0C91BC942}") = "POSKeyboard", "zPOSKeyboard\POSKeyboard.vcproj", "{FD7A0140-EA00-4142-A3CC-095B1351109C}"
EndProject
Project("{8BC9CEB8-8B4A-11D0-8D11-00A0C91BC942}") = "POSPower", "zPOSPower\POSPower.vcproj", "{FD7A0220-EA00-4142-A3CC-095B1351109C}"
EndProject
Project("{8BC9CEB8-8B4A-11D0-8D11-00A0C91BC942}") = "POSPrinter", "zPOSPrinter\POSPrinter.vcproj", "{FD7A0150-EA00-4142-A3CC-095B1351109C}"
EndProject
Project("{8BC9CEB8-8B4A-11D0-8D11-00A0C91BC942}") = "RemoteOrderDisplay", "zRemoteOrderDisplay\RemoteOrderDisplay.vcproj", "{FD7A0160-EA00-4142-A3CC-095B1351109C}"
EndProject
Project("{8BC9CEB8-8B4A-11D0-8D11-00A0C91BC942}") = "RFIDScanner", "zRFIDScanner\RFIDScanner.vcproj", "{FD7A0370-EA00-4142-A3CC-095B1351109C}"
EndProject
Project("{8BC9CEB8-8B4A-11D0-8D11-00A0C91BC942}") = "Scale", "zScale\Scale.vcproj", "{FD7A0170-EA00-4142-A3CC-095B1351109C}"
EndProject
Project("{8BC9CEB8-8B4A-11D0-8D11-00A0C91BC942}") = "Scanner", "zScanner\Scanner.vcproj", "{FD7A0180-EA00-4142-A3CC-095B1351109C}"
EndProject
Project("{8BC9CEB8-8B4A-11D0-8D11-00A0C91BC942}") = "SigCap", "zSigCap\SigCap.vcproj", "{FD7A0190-EA00-4142-A3CC-095B1351109C}"
EndProject
Project("{8BC9CEB8-8B4A-11D0-8D11-00A0C91BC942}") = "SmartCardRW", "zSmartCardRW\SmartCardRW.vcproj", "{FD7A0250-EA00-4142-A3CC-095B1351109C}"
EndProject
Project("{8BC9CEB8-8B4A-11D0-8D11-00A0C91BC942}") = "ToneIndicator", "zToneIndicator\ToneIndicator.vcproj", "{FD7A0200-EA00-4142-A3CC-095B1351109C}"
EndProject
Project("{8BC9CEB8-8B4A-11D0-8D11-00A0C91BC942}") = "Totals", "zTotals\Totals.vcproj", "{FD7A0080-EA00-4142-A3CC-095B1351109C}"
EndProject
Global
	GlobalSection(SolutionConfigurationPlatforms) = preSolution
		Debug|Win32 = Debug|Win32
		Release|Win32 = Release|Win32
	EndGlobalSection
	GlobalSection(ProjectConfigurationPlatforms) = postSolution
		{11CE0C54-2634-472D-868B-85B0BA54B8C5}.Debug|Win32.ActiveCfg = Debug|Win32
		{11CE0C54-2634-472D-868B-85B0BA54B8C5}.Debug|Win32.Build.0 = Debug|Win32
		{11CE0C54-2634-472D-868B-85B0BA54B8C5}.Release|Win32.ActiveCfg = Release|Win32
		{11CE0C54-2634-472D-868B-85B0BA54B8C5}.Release|Win32.Build.0 = Release|Win32
		{FD7A0320-EA00-4142-A3CC-095B1351109C}.Debug|Win32.ActiveCfg = Debug|Win32
		{FD7A0320-EA00-4142-A3CC-095B1351109C}.Debug|Win32.Build.0 = Debug|Win32
		{FD7A0320-EA00-4142-A3CC-095B1351109C}.Release|Win32.ActiveCfg = Release|Win32
		{FD7A0320-EA00-4142-A3CC-095B1351109C}.Release|Win32.Build.0 = Release|Win32
		{FD7A0280-EA00-4142-A3CC-095B1351109C}.Debug|Win32.ActiveCfg = Debug|Win32
		{FD7A0280-EA00-4142-A3CC-095B1351109C}.Debug|Win32.Build.0 = Debug|Win32
		{FD7A0280-EA00-4142-A3CC-095B1351109C}.Release|Win32.ActiveCfg = Release|Win32
		{FD7A0280-EA00-4142-A3CC-095B1351109C}.Release|Win32.Build.0 = Release|Win32
		{FD7A0290-EA00-4142-A3CC-095B1351109C}.Debug|Win32.ActiveCfg = Debug|Win32
		{FD7A0290-EA00-4142-A3CC-095B1351109C}.Debug|Win32.Build.0 = Debug|Win32
		{FD7A0290-EA00-4142-A3CC-095B1351109C}.Release|Win32.ActiveCfg = Release|Win32
		{FD7A0290-EA00-4142-A3CC-095B1351109C}.Release|Win32.Build.0 = Release|Win32
		{FD7A0260-EA00-4142-A3CC-095B1351109C}.Debug|Win32.ActiveCfg = Debug|Win32
		{FD7A0260-EA00-4142-A3CC-095B1351109C}.Debug|Win32.Build.0 = Debug|Win32
		{FD7A0260-EA00-4142-A3CC-095B1351109C}.Release|Win32.ActiveCfg = Release|Win32
		{FD7A0260-EA00-4142-A3CC-095B1351109C}.Release|Win32.Build.0 = Release|Win32
		{FD7A0020-EA00-4142-A3CC-095B1351109C}.Debug|Win32.ActiveCfg = Debug|Win32
		{FD7A0020-EA00-4142-A3CC-095B1351109C}.Debug|Win32.Build.0 = Debug|Win32
		{FD7A0020-EA00-4142-A3CC-095B1351109C}.Release|Win32.ActiveCfg = Release|Win32
		{FD7A0020-EA00-4142-A3CC-095B1351109C}.Release|Win32.Build.0 = Release|Win32
		{FD7A0030-EA00-4142-A3CC-095B1351109C}.Debug|Win32.ActiveCfg = Debug|Win32
		{FD7A0030-EA00-4142-A3CC-095B1351109C}.Debug|Win32.Build.0 = Debug|Win32
		{FD7A0030-EA00-4142-A3CC-095B1351109C}.Release|Win32.ActiveCfg = Release|Win32
		{FD7A0030-EA00-4142-A3CC-095B1351109C}.Release|Win32.Build.0 = Release|Win32
		{FD7A0040-EA00-4142-A3CC-095B1351109C}.Debug|Win32.ActiveCfg = Debug|Win32
		{FD7A0040-EA00-4142-A3CC-095B1351109C}.Debug|Win32.Build.0 = Debug|Win32
		{FD7A0040-EA00-4142-A3CC-095B1351109C}.Release|Win32.ActiveCfg = Release|Win32
		{FD7A0040-EA00-4142-A3CC-095B1351109C}.Release|Win32.Build.0 = Release|Win32
		{FD7A0050-EA00-4142-A3CC-095B1351109C}.Debug|Win32.ActiveCfg = Debug|Win32
		{FD7A0050-EA00-4142-A3CC-095B1351109C}.Debug|Win32.Build.0 = Debug|Win32
		{FD7A0050-EA00-4142-A3CC-095B1351109C}.Release|Win32.ActiveCfg = Release|Win32
		{FD7A0050-EA00-4142-A3CC-095B1351109C}.Release|Win32.Build.0 = Release|Win32
		{FD7A0230-EA00-4142-A3CC-095B1351109C}.Debug|Win32.ActiveCfg = Debug|Win32
		{FD7A0230-EA00-4142-A3CC-095B1351109C}.Debug|Win32.Build.0 = Debug|Win32
		{FD7A0230-EA00-4142-A3CC-095B1351109C}.Release|Win32.ActiveCfg = Release|Win32
		{FD7A0230-EA00-4142-A3CC-095B1351109C}.Release|Win32.Build.0 = Release|Win32
		{FD7A0300-EA00-4142-A3CC-095B1351109C}.Debug|Win32.ActiveCfg = Debug|Win32
		{FD7A0300-EA00-4142-A3CC-095B1351109C}.Debug|Win32.Build.0 = Debug|Win32
		{FD7A0300-EA00-4142-A3CC-095B1351109C}.Release|Win32.ActiveCfg = Release|Win32
		{FD7A0300-EA00-4142-A3CC-095B1351109C}.Release|Win32.Build.0 = Release|Win32
		{FD7A0060-EA00-4142-A3CC-095B1351109C}.Debug|Win32.ActiveCfg = Debug|Win32
		{FD7A0060-EA00-4142-A3CC-095B1351109C}.Debug|Win32.Build.0 = Debug|Win32
		{FD7A0060-EA00-4142-A3CC-095B1351109C}.Release|Win32.ActiveCfg = Release|Win32
		{FD7A0060-EA00-4142-A3CC-095B1351109C}.Release|Win32.Build.0 = Release|Win32
		{FD7A0270-EA00-4142-A3CC-095B1351109C}.Debug|Win32.ActiveCfg = Debug|Win32
		{FD7A0270-EA00-4142-A3CC-095B1351109C}.Debug|Win32.Build.0 = Debug|Win32
		{FD7A0270-EA00-4142-A3CC-095B1351109C}.Release|Win32.ActiveCfg = Release|Win32
		{FD7A0270-EA00-4142-A3CC-095B1351109C}.Release|Win32.Build.0 = Release|Win32
		{FD7A0330-EA00-4142-A3CC-095B1351109C}.Debug|Win32.ActiveCfg = Debug|Win32
		{FD7A0330-EA00-4142-A3CC-095B1351109C}.Debug|Win32.Build.0 = Debug|Win32
		{FD7A0330-EA00-4142-A3CC-095B1351109C}.Release|Win32.ActiveCfg = Release|Win32
		{FD7A0330-EA00-4142-A3CC-095B1351109C}.Release|Win32.Build.0 = Release|Win32
		{FD7A0070-EA00-4142-A3CC-095B1351109C}.Debug|Win32.ActiveCfg = Debug|Win32
		{FD7A0070-EA00-4142-A3CC-095B1351109C}.Debug|Win32.Build.0 = Debug|Win32
		{FD7A0070-EA00-4142-A3CC-095B1351109C}.Release|Win32.ActiveCfg = Release|Win32
		{FD7A0070-EA00-4142-A3CC-095B1351109C}.Release|Win32.Build.0 = Release|Win32
		{FD7A0340-EA00-4142-A3CC-095B1351109C}.Debug|Win32.ActiveCfg = Debug|Win32
		{FD7A0340-EA00-4142-A3CC-095B1351109C}.Debug|Win32.Build.0 = Debug|Win32
		{FD7A0340-EA00-4142-A3CC-095B1351109C}.Release|Win32.ActiveCfg = Release|Win32
		{FD7A0340-EA00-4142-A3CC-095B1351109C}.Release|Win32.Build.0 = Release|Win32
		{FD7A0310-EA00-4142-A3CC-095B1351109C}.Debug|Win32.ActiveCfg = Debug|Win32
		{FD7A0310-EA00-4142-A3CC-095B1351109C}.Debug|Win32.Build.0 = Debug|Win32
		{FD7A0310-EA00-4142-A3CC-095B1351109C}.Release|Win32.ActiveCfg = Release|Win32
		{FD7A0310-EA00-4142-A3CC-095B1351109C}.Release|Win32.Build.0 = Release|Win32
		{FD7A0350-EA00-4142-A3CC-095B1351109C}.Debug|Win32.ActiveCfg = Debug|Win32
		{FD7A0350-EA00-4142-A3CC-095B1351109C}.Debug|Win32.Build.0 = Debug|Win32
		{FD7A0350-EA00-4142-A3CC-095B1351109C}.Release|Win32.ActiveCfg = Release|Win32
		{FD7A0350-EA00-4142-A3CC-095B1351109C}.Release|Win32.Build.0 = Release|Win32
		{FD7A0090-EA00-4142-A3CC-095B1351109C}.Debug|Win32.ActiveCfg = Debug|Win32
		{FD7A0090-EA00-4142-A3CC-095B1351109C}.Debug|Win32.Build.0 = Debug|Win32
		{FD7A0090-EA00-4142-A3CC-095B1351109C}.Release|Win32.ActiveCfg = Release|Win32
		{FD7A0090-EA00-4142-A3CC-095B1351109C}.Release|Win32.Build.0 = Release|Win32
		{FD7A0360-EA00-4142-A3CC-095B1351109C}.Debug|Win32.ActiveCfg = Debug|Win32
		{FD7A0360-EA00-4142-A3CC-095B1351109C}.Debug|Win32.Build.0 = Debug|Win32
		{FD7A0360-EA00-4142-A3CC-095B1351109C}.Release|Win32.ActiveCfg = Release|Win32
		{FD7A0360-EA00-4142-A3CC-095B1351109C}.Release|Win32.Build.0 = Release|Win32
		{FD7A0100-EA00-4142-A3CC-095B1351109C}.Debug|Win32.ActiveCfg = Debug|Win32
		{FD7A0100-EA00-4142-A3CC-095B1351109C}.Debug|Win32.Build.0 = Debug|Win32
		{FD7A0100-EA00-4142-A3CC-095B1351109C}.Release|Win32.ActiveCfg = Release|Win32
		{FD7A0100-EA00-4142-A3CC-095B1351109C}.Release|Win32.Build.0 = Release|Win32
		{FD7A0110-EA00-4142-A3CC-095B1351109C}.Debug|Win32.ActiveCfg = Debug|Win32
		{FD7A0110-EA00-4142-A3CC-095B1351109C}.Debug|Win32.Build.0 = Debug|Win32
		{FD7A0110-EA00-4142-A3CC-095B1351109C}.Release|Win32.ActiveCfg = Release|Win32
		{FD7A0110-EA00-4142-A3CC-095B1351109C}.Release|Win32.Build.0 = Release|Win32
		{FD7A0240-EA00-4142-A3CC-095B1351109C}.Debug|Win32.ActiveCfg = Debug|Win32
		{FD7A0240-EA00-4142-A3CC-095B1351109C}.Debug|Win32.Build.0 = Debug|Win32
		{FD7A0240-EA00-4142-A3CC-095B1351109C}.Release|Win32.ActiveCfg = Release|Win32
		{FD7A0240-EA00-4142-A3CC-095B1351109C}.Release|Win32.Build.0 = Release|Win32
		{FD7A0120-EA00-4142-A3CC-095B1351109C}.Debug|Win32.ActiveCfg = Debug|Win32
		{FD7A0120-EA00-4142-A3CC-095B1351109C}.Debug|Win32.Build.0 = Debug|Win32
		{FD7A0120-EA00-4142-A3CC-095B1351109C}.Release|Win32.ActiveCfg = Release|Win32
		{FD7A0120-EA00-4142-A3CC-095B1351109C}.Release|Win32.Build.0 = Release|Win32
		{FD7A0130-EA00-4142-A3CC-095B1351109C}.Debug|Win32.ActiveCfg = Debug|Win32
		{FD7A0130-EA00-4142-A3CC-095B1351109C}.Debug|Win32.Build.0 = Debug|Win32
		{FD7A0130-EA00-4142-A3CC-095B1351109C}.Release|Win32.ActiveCfg = Release|Win32
		{FD7A0130-EA00-4142-A3CC-095B1351109C}.Release|Win32.Build.0 = Release|Win32
		{FD7A0210-EA00-4142-A3CC-095B1351109C}.Debug|Win32.ActiveCfg = Debug|Win32
		{FD7A0210-EA00-4142-A3CC-095B1351109C}.Debug|Win32.Build.0 = Debug|Win32
		{FD7A0210-EA00-4142-A3CC-095B1351109C}.Release|Win32.ActiveCfg = Release|Win32
		{FD7A0210-EA00-4142-A3CC-095B1351109C}.Release|Win32.Build.0 = Release|Win32
		{FD7A0140-EA00-4142-A3CC-095B1351109C}.Debug|Win32.ActiveCfg = Debug|Win32
		{FD7A0140-EA00-4142-A3CC-095B1351109C}.Debug|Win32.Build.0 = Debug|Win32
		{FD7A0140-EA00-4142-A3CC-095B1351109C}.Release|Win32.ActiveCfg = Release|Win32
		{FD7A0140-EA00-4142-A3CC-095B1351109C}.Release|Win32.Build.0 = Release|Win32
		{FD7A0220-EA00-4142-A3CC-095B1351109C}.Debug|Win32.ActiveCfg = Debug|Win32
		{FD7A0220-EA00-4142-A3CC-095B1351109C}.Debug|Win32.Build.0 = Debug|Win32
		{FD7A0220-EA00-4142-A3CC-095B1351109C}.Release|Win32.ActiveCfg = Release|Win32
		{FD7A0220-EA00-4142-A3CC-095B1351109C}.Release|Win32.Build.0 = Release|Win32
		{FD7A0150-EA00-4142-A3CC-095B1351109C}.Debug|Win32.ActiveCfg = Debug|Win32
		{FD7A0150-EA00-4142-A3CC-095B1351109C}.Debug|Win32.Build.0 = Debug|Win32
		{FD7A0150-EA00-4142-A3CC-095B1351109C}.Release|Win32.ActiveCfg = Release|Win32
		{FD7A0150-EA00-4142-A3CC-095B1351109C}.Release|Win32.Build.0 = Release|Win32
		{FD7A0160-EA00-4142-A3CC-095B1351109C}.Debug|Win32.ActiveCfg = Debug|Win32
		{FD7A0160-EA00-4142-A3CC-095B1351109C}.Debug|Win32.Build.0 = Debug|Win32
		{FD7A0160-EA00-4142-A3CC-095B1351109C}.Release|Win32.ActiveCfg = Release|Win32
		{FD7A0160-EA00-4142-A3CC-095B1351109C}.Release|Win32.Build.0 = Release|Win32
		{FD7A0370-EA00-4142-A3CC-095B1351109C}.Debug|Win32.ActiveCfg = Debug|Win32
		{FD7A0370-EA00-4142-A3CC-095B1351109C}.Debug|Win32.Build.0 = Debug|Win32
		{FD7A0370-EA00-4142-A3CC-095B1351109C}.Release|Win32.ActiveCfg = Release|Win32
		{FD7A0370-EA00-4142-A3CC-095B1351109C}.Release|Win32.Build.0 = Release|Win32
		{FD7A0170-EA00-4142-A3CC-095B1351109C}.Debug|Win32.ActiveCfg = Debug|Win32
		{FD7A0170-EA00-4142-A3CC-095B1351109C}.Debug|Win32.Build.0 = Debug|Win32
		{FD7A0170-EA00-4142-A3CC-095B1351109C}.Release|Win32.ActiveCfg = Release|Win32
		{FD7A0170-EA00-4142-A3CC-095B1351109C}.Release|Win32.Build.0 = Release|Win32
		{FD7A0180-EA00-4142-A3CC-095B1351109C}.Debug|Win32.ActiveCfg = Debug|Win32
		{FD7A0180-EA00-4142-A3CC-095B1351109C}.Debug|Win32.Build.0 = Debug|Win32
		{FD7A0180-EA00-4142-A3CC-095B1351109C}.Release|Win32.ActiveCfg = Release|Win32
		{FD7A0180-EA00-4142-A3CC-095B1351109C}.Release|Win32.Build.0 = Release|Win32
		{FD7A0190-EA00-4142-A3CC-095B1351109C}.Debug|Win32.ActiveCfg = Debug|Win32
		{FD7A0190-EA00-4142-A3CC-095B1351109C}.Debug|Win32.Build.0 = Debug|Win32
		{FD7A0190-EA00-4142-A3CC-095B1351109C}.Release|Win32.ActiveCfg = Release|Win32
		{FD7A0190-EA00-4142-A3CC-095B1351109C}.Release|Win32.Build.0 = Release|Win32
		{FD7A0250-EA00-4142-A3CC-095B1351109C}.Debug|Win32.ActiveCfg = Debug|Win32
		{FD7A0250-EA00-4142-A3CC-095B1351109C}.Debug|Win32.Build.0 = Debug|Win32
		{FD7A0250-EA00-4142-A3CC-095B1351109C}.Release|Win32.ActiveCfg = Release|Win32
		{FD7A0250-EA00-4142-A3CC-095B1351109C}.Release|Win32.Build.0 = Release|Win32
		{FD7A0200-EA00-4142-A3CC-095B1351109C}.Debug|Win32.ActiveCfg = Debug|Win32
		{FD7A0200-EA00-4142-A3CC-095B1351109C}.Debug|Win32.Build.0 = Debug|Win32
		{FD7A0200-EA00-4142-A3CC-095B1351109C}.Release|Win32.ActiveCfg = Release|Win32
		{FD7A0200-EA00-4142-A3CC-095B1351109C}.Release|Win32.Build.0 = Release|Win32
		{FD7A0080-EA00-4142-A3CC-095B1351109C}.Debug|Win32.ActiveCfg = Debug|Win32
		{FD7A0080-EA00-4142-A3CC-095B1351109C}.Debug|Win32.Build.0 = Debug|Win32
		{FD7A0080-EA00-4142-A3CC-095B1351109C}.Release|Win32.ActiveCfg = Release|Win32
		{FD7A0080-EA00-4142-A3CC-095B1351109C}.Release|Win32.Build.0 = Release|Win32
	EndGlobalSection
	GlobalSection(SolutionProperties) = preSolution
		HideSolutionNode = FALSE
	EndGlobalSection
EndGlobal
