<?xml version="1.0" encoding="utf-8"?>
<Project ToolsVersion="4.0" xmlns="http://schemas.microsoft.com/developer/msbuild/2003">
  <ItemGroup>
    <Filter Include="Source Files">
      <UniqueIdentifier>{4FC737F1-C7A5-4376-A066-2A32D752A2FF}</UniqueIdentifier>
      <Extensions>cpp;c;cc;cxx;def;odl;idl;hpj;bat;asm;asmx</Extensions>
    </Filter>
    <Filter Include="Header Files">
      <UniqueIdentifier>{93995380-89BD-4b04-88EB-625FBE52EBFB}</UniqueIdentifier>
      <Extensions>h;hpp;hxx;hm;inl;inc;xsd</Extensions>
    </Filter>
    <Filter Include="Resource Files">
      <UniqueIdentifier>{67DA6AB6-F800-4c08-8B7A-83BB121AAD01}</UniqueIdentifier>
      <Extensions>rc;ico;cur;bmp;dlg;rc2;rct;bin;rgs;gif;jpg;jpeg;jpe;resx;tiff;tif;png;wav</Extensions>
    </Filter>
    <Filter Include="Generated Files">
      <UniqueIdentifier>{7060ffa9-fcf3-4663-9442-ec586744f2e3}</UniqueIdentifier>
      <SourceControlFiles>False</SourceControlFiles>
    </Filter>
  </ItemGroup>
  <ItemGroup>
    <ClCompile Include="OposInterfaces.cpp">
      <Filter>Source Files</Filter>
    </ClCompile>
    <ClCompile Include="..\Common\StdAfx.cpp">
      <Filter>Source Files</Filter>
    </ClCompile>
  </ItemGroup>
  <ItemGroup>
    <None Include="OposInterfaces.def">
      <Filter>Source Files</Filter>
    </None>
  </ItemGroup>
  <ItemGroup>
    <Midl Include="OposInterfaces.idl">
      <Filter>Source Files</Filter>
    </Midl>
  </ItemGroup>
  <ItemGroup>
    <ClInclude Include="Resource.h">
      <Filter>Header Files</Filter>
    </ClInclude>
    <ClInclude Include="OposInterfaces.h">
      <Filter>Generated Files</Filter>
    </ClInclude>
    <ClInclude Include="OposCoIdl.h">
      <Filter>Header Files</Filter>
    </ClInclude>
    <ClInclude Include="IFC\OposSoIdlBelt.h">
      <Filter>Header Files</Filter>
    </ClInclude>
    <ClInclude Include="IFC\OposSoIdlBillAcceptor.h">
      <Filter>Header Files</Filter>
    </ClInclude>
    <ClInclude Include="IFC\OposSoIdlBillDispenser.h">
      <Filter>Header Files</Filter>
    </ClInclude>
    <ClInclude Include="IFC\OposSoIdlBiometrics.h">
      <Filter>Header Files</Filter>
    </ClInclude>
    <ClInclude Include="IFC\OposSoIdlBumpBar.h">
      <Filter>Header Files</Filter>
    </ClInclude>
    <ClInclude Include="IFC\OposSoIdlCashChanger.h">
      <Filter>Header Files</Filter>
    </ClInclude>
    <ClInclude Include="IFC\OposSoIdlCashDrawer.h">
      <Filter>Header Files</Filter>
    </ClInclude>
    <ClInclude Include="IFC\OposSoIdlCAT.h">
      <Filter>Header Files</Filter>
    </ClInclude>
    <ClInclude Include="IFC\OposSoIdlCheckScanner.h">
      <Filter>Header Files</Filter>
    </ClInclude>
    <ClInclude Include="IFC\OposSoIdlCoinAcceptor.h">
      <Filter>Header Files</Filter>
    </ClInclude>
    <ClInclude Include="IFC\OposSoIdlCoinDispenser.h">
      <Filter>Header Files</Filter>
    </ClInclude>
    <ClInclude Include="IFC\OposSoIdlElectronicJournal.h">
      <Filter>Header Files</Filter>
    </ClInclude>
    <ClInclude Include="IFC\OposSoIdlElectronicValueRW.h">
      <Filter>Header Files</Filter>
    </ClInclude>
    <ClInclude Include="IFC\OposSoIdlFiscalPrinter.h">
      <Filter>Header Files</Filter>
    </ClInclude>
    <ClInclude Include="IFC\OposSoIdlGate.h">
      <Filter>Header Files</Filter>
    </ClInclude>
    <ClInclude Include="IFC\OposSoIdlImageScanner.h">
      <Filter>Header Files</Filter>
    </ClInclude>
    <ClInclude Include="IFC\OposSoIdlItemDispenser.h">
      <Filter>Header Files</Filter>
    </ClInclude>
    <ClInclude Include="IFC\OposSoIdlKeylock.h">
      <Filter>Header Files</Filter>
    </ClInclude>
    <ClInclude Include="IFC\OposSoIdlLights.h">
      <Filter>Header Files</Filter>
    </ClInclude>
    <ClInclude Include="IFC\OposSoIdlLineDisplay.h">
      <Filter>Header Files</Filter>
    </ClInclude>
    <ClInclude Include="IFC\OposSoIdlMICR.h">
      <Filter>Header Files</Filter>
    </ClInclude>
    <ClInclude Include="IFC\OposSoIdlMotionSensor.h">
      <Filter>Header Files</Filter>
    </ClInclude>
    <ClInclude Include="IFC\OposSoIdlMSR.h">
      <Filter>Header Files</Filter>
    </ClInclude>
    <ClInclude Include="IFC\OposSoIdlPINPad.h">
      <Filter>Header Files</Filter>
    </ClInclude>
    <ClInclude Include="IFC\OposSoIdlPointCardRW.h">
      <Filter>Header Files</Filter>
    </ClInclude>
    <ClInclude Include="IFC\OposSoIdlPOSKeyboard.h">
      <Filter>Header Files</Filter>
    </ClInclude>
    <ClInclude Include="IFC\OposSoIdlPOSPower.h">
      <Filter>Header Files</Filter>
    </ClInclude>
    <ClInclude Include="IFC\OposSoIdlPOSPrinter.h">
      <Filter>Header Files</Filter>
    </ClInclude>
    <ClInclude Include="IFC\OposSoIdlRemoteOrderDisplay.h">
      <Filter>Header Files</Filter>
    </ClInclude>
    <ClInclude Include="IFC\OposSoIdlRFIDScanner.h">
      <Filter>Header Files</Filter>
    </ClInclude>
    <ClInclude Include="IFC\OposSoIdlScale.h">
      <Filter>Header Files</Filter>
    </ClInclude>
    <ClInclude Include="IFC\OposSoIdlScanner.h">
      <Filter>Header Files</Filter>
    </ClInclude>
    <ClInclude Include="IFC\OposSoIdlSigCap.h">
      <Filter>Header Files</Filter>
    </ClInclude>
    <ClInclude Include="IFC\OposSoIdlSmartCardRW.h">
      <Filter>Header Files</Filter>
    </ClInclude>
    <ClInclude Include="IFC\OposSoIdlToneIndicator.h">
      <Filter>Header Files</Filter>
    </ClInclude>
    <ClInclude Include="IFC\OposSoIdlTotals.h">
      <Filter>Header Files</Filter>
    </ClInclude>
    <ClInclude Include="..\Common\StdAfx.h">
      <Filter>Header Files</Filter>
    </ClInclude>
  </ItemGroup>
  <ItemGroup>
    <ResourceCompile Include="OposInterfaces.rc">
      <Filter>Resource Files</Filter>
    </ResourceCompile>
  </ItemGroup>
</Project>